// !$*UTF8*$!
{
	archiveVersion = 1;
	classes = {
	};
	objectVersion = 77;
	objects = {

/* Begin PBXContainerItemProxy section */
		C5C669532CE37CCF0063D805 /* PBXContainerItemProxy */ = {
			isa = PBXContainerItemProxy;
			containerPortal = C5C669312CE37CCD0063D805 /* Project object */;
			proxyType = 1;
			remoteGlobalIDString = C5C669382CE37CCD0063D805;
			remoteInfo = Afnan_Task_Gihub;
		};
		C5C6695D2CE37CCF0063D805 /* PBXContainerItemProxy */ = {
			isa = PBXContainerItemProxy;
			containerPortal = C5C669312CE37CCD0063D805 /* Project object */;
			proxyType = 1;
			remoteGlobalIDString = C5C669382CE37CCD0063D805;
			remoteInfo = Afnan_Task_Gihub;
		};
/* End PBXContainerItemProxy section */

/* Begin PBXFileReference section */
		C5C669392CE37CCD0063D805 /* Afnan_Task_Gihub.app */ = {isa = PBXFileReference; explicitFileType = wrapper.application; includeInIndex = 0; path = Afnan_Task_Gihub.app; sourceTree = BUILT_PRODUCTS_DIR; };
		C5C669522CE37CCF0063D805 /* Afnan_Task_GihubTests.xctest */ = {isa = PBXFileReference; explicitFileType = wrapper.cfbundle; includeInIndex = 0; path = Afnan_Task_GihubTests.xctest; sourceTree = BUILT_PRODUCTS_DIR; };
		C5C6695C2CE37CCF0063D805 /* Afnan_Task_GihubUITests.xctest */ = {isa = PBXFileReference; explicitFileType = wrapper.cfbundle; includeInIndex = 0; path = Afnan_Task_GihubUITests.xctest; sourceTree = BUILT_PRODUCTS_DIR; };
/* End PBXFileReference section */

/* Begin PBXFileSystemSynchronizedBuildFileExceptionSet section */
		C5C669642CE37CCF0063D805 /* Exceptions for "Afnan_Task_Gihub" folder in "Afnan_Task_Gihub" target */ = {
			isa = PBXFileSystemSynchronizedBuildFileExceptionSet;
			membershipExceptions = (
				Info.plist,
			);
			target = C5C669382CE37CCD0063D805 /* Afnan_Task_Gihub */;
		};
/* End PBXFileSystemSynchronizedBuildFileExceptionSet section */

/* Begin PBXFileSystemSynchronizedRootGroup section */
		C5C6693B2CE37CCD0063D805 /* Afnan_Task_Gihub */ = {
			isa = PBXFileSystemSynchronizedRootGroup;
			exceptions = (
				C5C669642CE37CCF0063D805 /* Exceptions for "Afnan_Task_Gihub" folder in "Afnan_Task_Gihub" target */,
			);
			path = Afnan_Task_Gihub;
			sourceTree = "<group>";
		};
		C5C669552CE37CCF0063D805 /* Afnan_Task_GihubTests */ = {
			isa = PBXFileSystemSynchronizedRootGroup;
			path = Afnan_Task_GihubTests;
			sourceTree = "<group>";
		};
		C5C6695F2CE37CCF0063D805 /* Afnan_Task_GihubUITests */ = {
			isa = PBXFileSystemSynchronizedRootGroup;
			path = Afnan_Task_GihubUITests;
			sourceTree = "<group>";
		};
/* End PBXFileSystemSynchronizedRootGroup section */

/* Begin PBXFrameworksBuildPhase section */
		C5C669362CE37CCD0063D805 /* Frameworks */ = {
			isa = PBXFrameworksBuildPhase;
			buildActionMask = 2147483647;
			files = (
			);
			runOnlyForDeploymentPostprocessing = 0;
		};
		C5C6694F2CE37CCF0063D805 /* Frameworks */ = {
			isa = PBXFrameworksBuildPhase;
			buildActionMask = 2147483647;
			files = (
			);
			runOnlyForDeploymentPostprocessing = 0;
		};
		C5C669592CE37CCF0063D805 /* Frameworks */ = {
			isa = PBXFrameworksBuildPhase;
			buildActionMask = 2147483647;
			files = (
			);
			runOnlyForDeploymentPostprocessing = 0;
		};
/* End PBXFrameworksBuildPhase section */

/* Begin PBXGroup section */
		C5C669302CE37CCD0063D805 = {
			isa = PBXGroup;
			children = (
				C5C6693B2CE37CCD0063D805 /* Afnan_Task_Gihub */,
				C5C669552CE37CCF0063D805 /* Afnan_Task_GihubTests */,
				C5C6695F2CE37CCF0063D805 /* Afnan_Task_GihubUITests */,
				C5C6693A2CE37CCD0063D805 /* Products */,
			);
			sourceTree = "<group>";
		};
		C5C6693A2CE37CCD0063D805 /* Products */ = {
			isa = PBXGroup;
			children = (
				C5C669392CE37CCD0063D805 /* Afnan_Task_Gihub.app */,
				C5C669522CE37CCF0063D805 /* Afnan_Task_GihubTests.xctest */,
				C5C6695C2CE37CCF0063D805 /* Afnan_Task_GihubUITests.xctest */,
			);
			name = Products;
			sourceTree = "<group>";
		};
/* End PBXGroup section */

/* Begin PBXNativeTarget section */
		C5C669382CE37CCD0063D805 /* Afnan_Task_Gihub */ = {
			isa = PBXNativeTarget;
			buildConfigurationList = C5C669652CE37CCF0063D805 /* Build configuration list for PBXNativeTarget "Afnan_Task_Gihub" */;
			buildPhases = (
				C5C669352CE37CCD0063D805 /* Sources */,
				C5C669362CE37CCD0063D805 /* Frameworks */,
				C5C669372CE37CCD0063D805 /* Resources */,
			);
			buildRules = (
			);
			dependencies = (
			);
			fileSystemSynchronizedGroups = (
				C5C6693B2CE37CCD0063D805 /* Afnan_Task_Gihub */,
			);
			name = Afnan_Task_Gihub;
			packageProductDependencies = (
			);
			productName = Afnan_Task_Gihub;
			productReference = C5C669392CE37CCD0063D805 /* Afnan_Task_Gihub.app */;
			productType = "com.apple.product-type.application";
		};
		C5C669512CE37CCF0063D805 /* Afnan_Task_GihubTests */ = {
			isa = PBXNativeTarget;
			buildConfigurationList = C5C6696A2CE37CCF0063D805 /* Build configuration list for PBXNativeTarget "Afnan_Task_GihubTests" */;
			buildPhases = (
				C5C6694E2CE37CCF0063D805 /* Sources */,
				C5C6694F2CE37CCF0063D805 /* Frameworks */,
				C5C669502CE37CCF0063D805 /* Resources */,
			);
			buildRules = (
			);
			dependencies = (
				C5C669542CE37CCF0063D805 /* PBXTargetDependency */,
			);
			fileSystemSynchronizedGroups = (
				C5C669552CE37CCF0063D805 /* Afnan_Task_GihubTests */,
			);
			name = Afnan_Task_GihubTests;
			packageProductDependencies = (
			);
			productName = Afnan_Task_GihubTests;
			productReference = C5C669522CE37CCF0063D805 /* Afnan_Task_GihubTests.xctest */;
			productType = "com.apple.product-type.bundle.unit-test";
		};
		C5C6695B2CE37CCF0063D805 /* Afnan_Task_GihubUITests */ = {
			isa = PBXNativeTarget;
			buildConfigurationList = C5C6696D2CE37CCF0063D805 /* Build configuration list for PBXNativeTarget "Afnan_Task_GihubUITests" */;
			buildPhases = (
				C5C669582CE37CCF0063D805 /* Sources */,
				C5C669592CE37CCF0063D805 /* Frameworks */,
				C5C6695A2CE37CCF0063D805 /* Resources */,
			);
			buildRules = (
			);
			dependencies = (
				C5C6695E2CE37CCF0063D805 /* PBXTargetDependency */,
			);
			fileSystemSynchronizedGroups = (
				C5C6695F2CE37CCF0063D805 /* Afnan_Task_GihubUITests */,
			);
			name = Afnan_Task_GihubUITests;
			packageProductDependencies = (
			);
			productName = Afnan_Task_GihubUITests;
			productReference = C5C6695C2CE37CCF0063D805 /* Afnan_Task_GihubUITests.xctest */;
			productType = "com.apple.product-type.bundle.ui-testing";
		};
/* End PBXNativeTarget section */

/* Begin PBXProject section */
		C5C669312CE37CCD0063D805 /* Project object */ = {
			isa = PBXProject;
			attributes = {
				BuildIndependentTargetsInParallel = 1;
				LastSwiftUpdateCheck = 1610;
				LastUpgradeCheck = 1610;
				TargetAttributes = {
					C5C669382CE37CCD0063D805 = {
						CreatedOnToolsVersion = 16.1;
					};
					C5C669512CE37CCF0063D805 = {
						CreatedOnToolsVersion = 16.1;
						TestTargetID = C5C669382CE37CCD0063D805;
					};
					C5C6695B2CE37CCF0063D805 = {
						CreatedOnToolsVersion = 16.1;
						TestTargetID = C5C669382CE37CCD0063D805;
					};
				};
			};
			buildConfigurationList = C5C669342CE37CCD0063D805 /* Build configuration list for PBXProject "Afnan_Task_Gihub" */;
			developmentRegion = en;
			hasScannedForEncodings = 0;
			knownRegions = (
				en,
				Base,
			);
			mainGroup = C5C669302CE37CCD0063D805;
			minimizedProjectReferenceProxies = 1;
			preferredProjectObjectVersion = 77;
			productRefGroup = C5C6693A2CE37CCD0063D805 /* Products */;
			projectDirPath = "";
			projectRoot = "";
			targets = (
				C5C669382CE37CCD0063D805 /* Afnan_Task_Gihub */,
				C5C669512CE37CCF0063D805 /* Afnan_Task_GihubTests */,
				C5C6695B2CE37CCF0063D805 /* Afnan_Task_GihubUITests */,
			);
		};
/* End PBXProject section */

/* Begin PBXResourcesBuildPhase section */
		C5C669372CE37CCD0063D805 /* Resources */ = {
			isa = PBXResourcesBuildPhase;
			buildActionMask = 2147483647;
			files = (
			);
			runOnlyForDeploymentPostprocessing = 0;
		};
		C5C669502CE37CCF0063D805 /* Resources */ = {
			isa = PBXResourcesBuildPhase;
			buildActionMask = 2147483647;
			files = (
			);
			runOnlyForDeploymentPostprocessing = 0;
		};
		C5C6695A2CE37CCF0063D805 /* Resources */ = {
			isa = PBXResourcesBuildPhase;
			buildActionMask = 2147483647;
			files = (
			);
			runOnlyForDeploymentPostprocessing = 0;
		};
/* End PBXResourcesBuildPhase section */

/* Begin PBXSourcesBuildPhase section */
		C5C669352CE37CCD0063D805 /* Sources */ = {
			isa = PBXSourcesBuildPhase;
			buildActionMask = 2147483647;
			files = (
			);
			runOnlyForDeploymentPostprocessing = 0;
		};
		C5C6694E2CE37CCF0063D805 /* Sources */ = {
			isa = PBXSourcesBuildPhase;
			buildActionMask = 2147483647;
			files = (
			);
			runOnlyForDeploymentPostprocessing = 0;
		};
		C5C669582CE37CCF0063D805 /* Sources */ = {
			isa = PBXSourcesBuildPhase;
			buildActionMask = 2147483647;
			files = (
			);
			runOnlyForDeploymentPostprocessing = 0;
		};
/* End PBXSourcesBuildPhase section */

/* Begin PBXTargetDependency section */
		C5C669542CE37CCF0063D805 /* PBXTargetDependency */ = {
			isa = PBXTargetDependency;
			target = C5C669382CE37CCD0063D805 /* Afnan_Task_Gihub */;
			targetProxy = C5C669532CE37CCF0063D805 /* PBXContainerItemProxy */;
		};
		C5C6695E2CE37CCF0063D805 /* PBXTargetDependency */ = {
			isa = PBXTargetDependency;
			target = C5C669382CE37CCD0063D805 /* Afnan_Task_Gihub */;
			targetProxy = C5C6695D2CE37CCF0063D805 /* PBXContainerItemProxy */;
		};
/* End PBXTargetDependency section */

/* Begin XCBuildConfiguration section */
		C5C669662CE37CCF0063D805 /* Debug */ = {
			isa = XCBuildConfiguration;
			buildSettings = {
				ASSETCATALOG_COMPILER_APPICON_NAME = AppIcon;
				ASSETCATALOG_COMPILER_GLOBAL_ACCENT_COLOR_NAME = AccentColor;
				CODE_SIGN_STYLE = Automatic;
				CURRENT_PROJECT_VERSION = 1;
				DEVELOPMENT_TEAM = P9DPM92NTA;
				GENERATE_INFOPLIST_FILE = YES;
				INFOPLIST_FILE = Afnan_Task_Gihub/Info.plist;
				INFOPLIST_KEY_UIApplicationSupportsIndirectInputEvents = YES;
				INFOPLIST_KEY_UILaunchStoryboardName = LaunchScreen;
				INFOPLIST_KEY_UISupportedInterfaceOrientations_iPad = "UIInterfaceOrientationPortrait UIInterfaceOrientationPortraitUpsideDown UIInterfaceOrientationLandscapeLeft UIInterfaceOrientationLandscapeRight";
				INFOPLIST_KEY_UISupportedInterfaceOrientations_iPhone = "UIInterfaceOrientationPortrait UIInterfaceOrientationLandscapeLeft UIInterfaceOrientationLandscapeRight";
				IPHONEOS_DEPLOYMENT_TARGET = 16.6;
				LD_RUNPATH_SEARCH_PATHS = (
					"$(inherited)",
					"@executable_path/Frameworks",
				);
				MARKETING_VERSION = 1.0;
				PRODUCT_BUNDLE_IDENTIFIER = "com.SwiftUI.Afnan-Task-Gihub";
				PRODUCT_NAME = "$(TARGET_NAME)";
				SWIFT_EMIT_LOC_STRINGS = YES;
				SWIFT_VERSION = 5.0;
				TARGETED_DEVICE_FAMILY = "1,2";
			};
			name = Debug;
		};
		C5C669672CE37CCF0063D805 /* Release */ = {
			isa = XCBuildConfiguration;
			buildSettings = {
				ASSETCATALOG_COMPILER_APPICON_NAME = AppIcon;
				ASSETCATALOG_COMPILER_GLOBAL_ACCENT_COLOR_NAME = AccentColor;
				CODE_SIGN_STYLE = Automatic;
				CURRENT_PROJECT_VERSION = 1;
				DEVELOPMENT_TEAM = P9DPM92NTA;
				GENERATE_INFOPLIST_FILE = YES;
				INFOPLIST_FILE = Afnan_Task_Gihub/Info.plist;
				INFOPLIST_KEY_UIApplicationSupportsIndirectInputEvents = YES;
				INFOPLIST_KEY_UILaunchStoryboardName = LaunchScreen;
				INFOPLIST_KEY_UISupportedInterfaceOrientations_iPad = "UIInterfaceOrientationPortrait UIInterfaceOrientationPortraitUpsideDown UIInterfaceOrientationLandscapeLeft UIInterfaceOrientationLandscapeRight";
				INFOPLIST_KEY_UISupportedInterfaceOrientations_iPhone = "UIInterfaceOrientationPortrait UIInterfaceOrientationLandscapeLeft UIInterfaceOrientationLandscapeRight";
				IPHONEOS_DEPLOYMENT_TARGET = 16.6;
				LD_RUNPATH_SEARCH_PATHS = (
					"$(inherited)",
					"@executable_path/Frameworks",
				);
				MARKETING_VERSION = 1.0;
				PRODUCT_BUNDLE_IDENTIFIER = "com.SwiftUI.Afnan-Task-Gihub";
				PRODUCT_NAME = "$(TARGET_NAME)";
				SWIFT_EMIT_LOC_STRINGS = YES;
				SWIFT_VERSION = 5.0;
				TARGETED_DEVICE_FAMILY = "1,2";
			};
			name = Release;
		};
		C5C669682CE37CCF0063D805 /* Debug */ = {
			isa = XCBuildConfiguration;
			buildSettings = {
				ALWAYS_SEARCH_USER_PATHS = NO;
				ASSETCATALOG_COMPILER_GENERATE_SWIFT_ASSET_SYMBOL_EXTENSIONS = YES;
				CLANG_ANALYZER_NONNULL = YES;
				CLANG_ANALYZER_NUMBER_OBJECT_CONVERSION = YES_AGGRESSIVE;
				CLANG_CXX_LANGUAGE_STANDARD = "gnu++20";
				CLANG_ENABLE_MODULES = YES;
				CLANG_ENABLE_OBJC_ARC = YES;
				CLANG_ENABLE_OBJC_WEAK = YES;
				CLANG_WARN_BLOCK_CAPTURE_AUTORELEASING = YES;
				CLANG_WARN_BOOL_CONVERSION = YES;
				CLANG_WARN_COMMA = YES;
				CLANG_WARN_CONSTANT_CONVERSION = YES;
				CLANG_WARN_DEPRECATED_OBJC_IMPLEMENTATIONS = YES;
				CLANG_WARN_DIRECT_OBJC_ISA_USAGE = YES_ERROR;
				CLANG_WARN_DOCUMENTATION_COMMENTS = YES;
				CLANG_WARN_EMPTY_BODY = YES;
				CLANG_WARN_ENUM_CONVERSION = YES;
				CLANG_WARN_INFINITE_RECURSION = YES;
				CLANG_WARN_INT_CONVERSION = YES;
				CLANG_WARN_NON_LITERAL_NULL_CONVERSION = YES;
				CLANG_WARN_OBJC_IMPLICIT_RETAIN_SELF = YES;
				CLANG_WARN_OBJC_LITERAL_CONVERSION = YES;
				CLANG_WARN_OBJC_ROOT_CLASS = YES_ERROR;
				CLANG_WARN_QUOTED_INCLUDE_IN_FRAMEWORK_HEADER = YES;
				CLANG_WARN_RANGE_LOOP_ANALYSIS = YES;
				CLANG_WARN_STRICT_PROTOTYPES = YES;
				CLANG_WARN_SUSPICIOUS_MOVE = YES;
				CLANG_WARN_UNGUARDED_AVAILABILITY = YES_AGGRESSIVE;
				CLANG_WARN_UNREACHABLE_CODE = YES;
				CLANG_WARN__DUPLICATE_METHOD_MATCH = YES;
				COPY_PHASE_STRIP = NO;
				DEBUG_INFORMATION_FORMAT = dwarf;
				ENABLE_STRICT_OBJC_MSGSEND = YES;
				ENABLE_TESTABILITY = YES;
				ENABLE_USER_SCRIPT_SANDBOXING = YES;
				GCC_C_LANGUAGE_STANDARD = gnu17;
				GCC_DYNAMIC_NO_PIC = NO;
				GCC_NO_COMMON_BLOCKS = YES;
				GCC_OPTIMIZATION_LEVEL = 0;
				GCC_PREPROCESSOR_DEFINITIONS = (
					"DEBUG=1",
					"$(inherited)",
				);
				GCC_WARN_64_TO_32_BIT_CONVERSION = YES;
				GCC_WARN_ABOUT_RETURN_TYPE = YES_ERROR;
				GCC_WARN_UNDECLARED_SELECTOR = YES;
				GCC_WARN_UNINITIALIZED_AUTOS = YES_AGGRESSIVE;
				GCC_WARN_UNUSED_FUNCTION = YES;
				GCC_WARN_UNUSED_VARIABLE = YES;
				IPHONEOS_DEPLOYMENT_TARGET = 18.1;
				LOCALIZATION_PREFERS_STRING_CATALOGS = YES;
				MTL_ENABLE_DEBUG_INFO = INCLUDE_SOURCE;
				MTL_FAST_MATH = YES;
				ONLY_ACTIVE_ARCH = YES;
				SDKROOT = iphoneos;
				SWIFT_ACTIVE_COMPILATION_CONDITIONS = "DEBUG $(inherited)";
				SWIFT_OPTIMIZATION_LEVEL = "-Onone";
			};
			name = Debug;
		};
		C5C669692CE37CCF0063D805 /* Release */ = {
			isa = XCBuildConfiguration;
			buildSettings = {
				ALWAYS_SEARCH_USER_PATHS = NO;
				ASSETCATALOG_COMPILER_GENERATE_SWIFT_ASSET_SYMBOL_EXTENSIONS = YES;
				CLANG_ANALYZER_NONNULL = YES;
				CLANG_ANALYZER_NUMBER_OBJECT_CONVERSION = YES_AGGRESSIVE;
				CLANG_CXX_LANGUAGE_STANDARD = "gnu++20";
				CLANG_ENABLE_MODULES = YES;
				CLANG_ENABLE_OBJC_ARC = YES;
				CLANG_ENABLE_OBJC_WEAK = YES;
				CLANG_WARN_BLOCK_CAPTURE_AUTORELEASING = YES;
				CLANG_WARN_BOOL_CONVERSION = YES;
				CLANG_WARN_COMMA = YES;
				CLANG_WARN_CONSTANT_CONVERSION = YES;
				CLANG_WARN_DEPRECATED_OBJC_IMPLEMENTATIONS = YES;
				CLANG_WARN_DIRECT_OBJC_ISA_USAGE = YES_ERROR;
				CLANG_WARN_DOCUMENTATION_COMMENTS = YES;
				CLANG_WARN_EMPTY_BODY = YES;
				CLANG_WARN_ENUM_CONVERSION = YES;
				CLANG_WARN_INFINITE_RECURSION = YES;
				CLANG_WARN_INT_CONVERSION = YES;
				CLANG_WARN_NON_LITERAL_NULL_CONVERSION = YES;
				CLANG_WARN_OBJC_IMPLICIT_RETAIN_SELF = YES;
				CLANG_WARN_OBJC_LITERAL_CONVERSION = YES;
				CLANG_WARN_OBJC_ROOT_CLASS = YES_ERROR;
				CLANG_WARN_QUOTED_INCLUDE_IN_FRAMEWORK_HEADER = YES;
				CLANG_WARN_RANGE_LOOP_ANALYSIS = YES;
				CLANG_WARN_STRICT_PROTOTYPES = YES;
				CLANG_WARN_SUSPICIOUS_MOVE = YES;
				CLANG_WARN_UNGUARDED_AVAILABILITY = YES_AGGRESSIVE;
				CLANG_WARN_UNREACHABLE_CODE = YES;
				CLANG_WARN__DUPLICATE_METHOD_MATCH = YES;
				COPY_PHASE_STRIP = NO;
				DEBUG_INFORMATION_FORMAT = "dwarf-with-dsym";
				ENABLE_NS_ASSERTIONS = NO;
				ENABLE_STRICT_OBJC_MSGSEND = YES;
				ENABLE_USER_SCRIPT_SANDBOXING = YES;
				GCC_C_LANGUAGE_STANDARD = gnu17;
				GCC_NO_COMMON_BLOCKS = YES;
				GCC_WARN_64_TO_32_BIT_CONVERSION = YES;
				GCC_WARN_ABOUT_RETURN_TYPE = YES_ERROR;
				GCC_WARN_UNDECLARED_SELECTOR = YES;
				GCC_WARN_UNINITIALIZED_AUTOS = YES_AGGRESSIVE;
				GCC_WARN_UNUSED_FUNCTION = YES;
				GCC_WARN_UNUSED_VARIABLE = YES;
				IPHONEOS_DEPLOYMENT_TARGET = 18.1;
				LOCALIZATION_PREFERS_STRING_CATALOGS = YES;
				MTL_ENABLE_DEBUG_INFO = NO;
				MTL_FAST_MATH = YES;
				SDKROOT = iphoneos;
				SWIFT_COMPILATION_MODE = wholemodule;
				VALIDATE_PRODUCT = YES;
			};
			name = Release;
		};
		C5C6696B2CE37CCF0063D805 /* Debug */ = {
			isa = XCBuildConfiguration;
			buildSettings = {
				BUNDLE_LOADER = "$(TEST_HOST)";
				CODE_SIGN_STYLE = Automatic;
				CURRENT_PROJECT_VERSION = 1;
				DEVELOPMENT_TEAM = P9DPM92NTA;
				GENERATE_INFOPLIST_FILE = YES;
				IPHONEOS_DEPLOYMENT_TARGET = 18.1;
				MARKETING_VERSION = 1.0;
				PRODUCT_BUNDLE_IDENTIFIER = "com.SwiftUI.Afnan-Task-GihubTests";
				PRODUCT_NAME = "$(TARGET_NAME)";
				SWIFT_EMIT_LOC_STRINGS = NO;
				SWIFT_VERSION = 5.0;
				TARGETED_DEVICE_FAMILY = "1,2";
				TEST_HOST = "$(BUILT_PRODUCTS_DIR)/Afnan_Task_Gihub.app/$(BUNDLE_EXECUTABLE_FOLDER_PATH)/Afnan_Task_Gihub";
			};
			name = Debug;
		};
		C5C6696C2CE37CCF0063D805 /* Release */ = {
			isa = XCBuildConfiguration;
			buildSettings = {
				BUNDLE_LOADER = "$(TEST_HOST)";
				CODE_SIGN_STYLE = Automatic;
				CURRENT_PROJECT_VERSION = 1;
				DEVELOPMENT_TEAM = P9DPM92NTA;
				GENERATE_INFOPLIST_FILE = YES;
				IPHONEOS_DEPLOYMENT_TARGET = 18.1;
				MARKETING_VERSION = 1.0;
				PRODUCT_BUNDLE_IDENTIFIER = "com.SwiftUI.Afnan-Task-GihubTests";
				PRODUCT_NAME = "$(TARGET_NAME)";
				SWIFT_EMIT_LOC_STRINGS = NO;
				SWIFT_VERSION = 5.0;
				TARGETED_DEVICE_FAMILY = "1,2";
				TEST_HOST = "$(BUILT_PRODUCTS_DIR)/Afnan_Task_Gihub.app/$(BUNDLE_EXECUTABLE_FOLDER_PATH)/Afnan_Task_Gihub";
			};
			name = Release;
		};
		C5C6696E2CE37CCF0063D805 /* Debug */ = {
			isa = XCBuildConfiguration;
			buildSettings = {
				CODE_SIGN_STYLE = Automatic;
				CURRENT_PROJECT_VERSION = 1;
				DEVELOPMENT_TEAM = P9DPM92NTA;
				GENERATE_INFOPLIST_FILE = YES;
				MARKETING_VERSION = 1.0;
				PRODUCT_BUNDLE_IDENTIFIER = "com.SwiftUI.Afnan-Task-GihubUITests";
				PRODUCT_NAME = "$(TARGET_NAME)";
				SWIFT_EMIT_LOC_STRINGS = NO;
				SWIFT_VERSION = 5.0;
				TARGETED_DEVICE_FAMILY = "1,2";
				TEST_TARGET_NAME = Afnan_Task_Gihub;
			};
			name = Debug;
		};
		C5C6696F2CE37CCF0063D805 /* Release */ = {
			isa = XCBuildConfiguration;
			buildSettings = {
				CODE_SIGN_STYLE = Automatic;
				CURRENT_PROJECT_VERSION = 1;
				DEVELOPMENT_TEAM = P9DPM92NTA;
				GENERATE_INFOPLIST_FILE = YES;
				MARKETING_VERSION = 1.0;
				PRODUCT_BUNDLE_IDENTIFIER = "com.SwiftUI.Afnan-Task-GihubUITests";
				PRODUCT_NAME = "$(TARGET_NAME)";
				SWIFT_EMIT_LOC_STRINGS = NO;
				SWIFT_VERSION = 5.0;
				TARGETED_DEVICE_FAMILY = "1,2";
				TEST_TARGET_NAME = Afnan_Task_Gihub;
			};
			name = Release;
		};
/* End XCBuildConfiguration section */

/* Begin XCConfigurationList section */
		C5C669342CE37CCD0063D805 /* Build configuration list for PBXProject "Afnan_Task_Gihub" */ = {
			isa = XCConfigurationList;
			buildConfigurations = (
				C5C669682CE37CCF0063D805 /* Debug */,
				C5C669692CE37CCF0063D805 /* Release */,
			);
			defaultConfigurationIsVisible = 0;
			defaultConfigurationName = Release;
		};
		C5C669652CE37CCF0063D805 /* Build configuration list for PBXNativeTarget "Afnan_Task_Gihub" */ = {
			isa = XCConfigurationList;
			buildConfigurations = (
				C5C669662CE37CCF0063D805 /* Debug */,
				C5C669672CE37CCF0063D805 /* Release */,
			);
			defaultConfigurationIsVisible = 0;
			defaultConfigurationName = Release;
		};
		C5C6696A2CE37CCF0063D805 /* Build configuration list for PBXNativeTarget "Afnan_Task_GihubTests" */ = {
			isa = XCConfigurationList;
			buildConfigurations = (
				C5C6696B2CE37CCF0063D805 /* Debug */,
				C5C6696C2CE37CCF0063D805 /* Release */,
			);
			defaultConfigurationIsVisible = 0;
			defaultConfigurationName = Release;
		};
		C5C6696D2CE37CCF0063D805 /* Build configuration list for PBXNativeTarget "Afnan_Task_GihubUITests" */ = {
			isa = XCConfigurationList;
			buildConfigurations = (
				C5C6696E2CE37CCF0063D805 /* Debug */,
				C5C6696F2CE37CCF0063D805 /* Release */,
			);
			defaultConfigurationIsVisible = 0;
			defaultConfigurationName = Release;
		};
/* End XCConfigurationList section */
	};
	rootObject = C5C669312CE37CCD0063D805 /* Project object */;
}
